{
  "version": 4,
  "terraform_version": "1.0.0",
  "serial": 27,
  "lineage": "ea5851fb-c27f-39a7-1ea8-733002097b30",
  "outputs": {},
  "resources": [
    {
      "module": "module.oktagroup",
      "mode": "managed",
      "type": "okta_group",
      "name": "okta_grp",
      "provider": "provider[\"registry.terraform.io/okta/okta\"]",
      "instances": [
        {
          "schema_version": 0,
          "attributes": {
            "description": "created via terraform module",
            "id": "00g18vjnnsfckKeMB5d7",
            "name": "test-grp-tf-module",
            "users": null
          },
          "sensitive_attributes": [],
          "private": "bnVsbA=="
        }
      ]
    },
    {
      "module": "module.oktapolicy",
      "mode": "data",
      "type": "okta_auth_server",
      "name": "okta-auth-server",
      "provider": "provider[\"registry.terraform.io/okta/okta\"]",
      "instances": [
        {
          "schema_version": 0,
          "attributes": {
            "audiences": [
              "Akash-Auth-Server"
            ],
            "credentials_last_rotated": "2021-07-01 18:31:21 +0000 UTC",
            "credentials_next_rotation": "2021-09-29 18:31:21 +0000 UTC",
            "credentials_rotation_mode": "AUTO",
            "description": "Akash-Auth-Server",
            "id": "aus14lan6jKKk7fss5d7",
            "issuer": "https://dev-23649058.okta.com/oauth2/aus14lan6jKKk7fss5d7",
            "issuer_mode": "ORG_URL",
            "kid": "IN92iNcc45Yvlv9M88VhVW9BUy5QCVjiD5M07pnHc0k",
            "name": "Akash-Auth-Server",
            "status": "ACTIVE"
          },
          "sensitive_attributes": []
        }
      ]
    },
    {
      "module": "module.oktapolicy",
      "mode": "managed",
      "type": "okta_auth_server_policy",
      "name": "auth-server-policy",
      "provider": "provider[\"registry.terraform.io/okta/okta\"]",
      "instances": [
        {
          "schema_version": 0,
          "attributes": {
            "auth_server_id": "aus14lan6jKKk7fss5d7",
            "client_whitelist": [
              "ALL_CLIENTS"
            ],
            "description": "Policy-1 created via terraform module",
            "id": "00p18w8jc5OSdgag35d7",
            "name": "Policy-1",
            "priority": 1,
            "status": "ACTIVE",
            "type": null
          },
          "sensitive_attributes": [],
          "private": "bnVsbA==",
          "dependencies": [
            "module.oktapolicy.data.okta_auth_server.okta-auth-server"
          ]
        }
      ]
    },
    {
      "module": "module.oktascope",
      "mode": "data",
      "type": "okta_auth_server",
      "name": "okta-auth-server",
      "provider": "provider[\"registry.terraform.io/okta/okta\"]",
      "instances": [
        {
          "schema_version": 0,
          "attributes": {
            "audiences": [
              "Akash-Auth-Server"
            ],
            "credentials_last_rotated": "2021-07-01 18:31:21 +0000 UTC",
            "credentials_next_rotation": "2021-09-29 18:31:21 +0000 UTC",
            "credentials_rotation_mode": "AUTO",
            "description": "Akash-Auth-Server",
            "id": "aus14lan6jKKk7fss5d7",
            "issuer": "https://dev-23649058.okta.com/oauth2/aus14lan6jKKk7fss5d7",
            "issuer_mode": "ORG_URL",
            "kid": "IN92iNcc45Yvlv9M88VhVW9BUy5QCVjiD5M07pnHc0k",
            "name": "Akash-Auth-Server",
            "status": "ACTIVE"
          },
          "sensitive_attributes": []
        }
      ]
    },
    {
      "module": "module.oktascope",
      "mode": "managed",
      "type": "okta_auth_server_scope",
      "name": "okta-auth-server-scope",
      "provider": "provider[\"registry.terraform.io/okta/okta\"]",
      "instances": [
        {
          "schema_version": 0,
          "attributes": {
            "auth_server_id": "aus14lan6jKKk7fss5d7",
            "consent": "IMPLICIT",
            "default": false,
            "description": "created via terraform module",
            "id": "scp18vt7vwzTBA1NL5d7",
            "metadata_publish": "ALL_CLIENTS",
            "name": "test-scp-tf-module"
          },
          "sensitive_attributes": [],
          "private": "bnVsbA==",
          "dependencies": [
            "module.oktascope.data.okta_auth_server.okta-auth-server"
          ]
        }
      ]
    },
    {
      "module": "module.oktaserviceapp",
      "mode": "managed",
      "type": "okta_app_oauth",
      "name": "okta-service-app",
      "provider": "provider[\"registry.terraform.io/okta/okta\"]",
      "instances": [
        {
          "schema_version": 0,
          "attributes": {
            "auto_key_rotation": false,
            "auto_submit_toolbar": false,
            "client_basic_secret": null,
            "client_id": "0oa19bjql5CCyP6bR5d7",
            "client_secret": "",
            "client_uri": "",
            "consent_method": "TRUSTED",
            "custom_client_id": null,
            "grant_types": [
              "client_credentials"
            ],
            "groups": null,
            "hide_ios": true,
            "hide_web": true,
            "id": "0oa19bjql5CCyP6bR5d7",
            "implicit_assignment": null,
            "issuer_mode": "ORG_URL",
            "jwks": [],
            "label": "terraform-module-service-app",
            "login_mode": "DISABLED",
            "login_scopes": null,
            "login_uri": "",
            "logo_uri": "",
            "name": "oidc_client",
            "omit_secret": true,
            "policy_uri": "",
            "post_logout_redirect_uris": null,
            "profile": "",
            "redirect_uris": null,
            "response_types": [
              "token"
            ],
            "sign_on_mode": "OPENID_CONNECT",
            "status": "ACTIVE",
            "token_endpoint_auth_method": "client_secret_basic",
            "tos_uri": "",
            "type": "service",
            "users": []
          },
          "sensitive_attributes": [],
          "private": "bnVsbA=="
        }
      ]
    }
  ]
}
