{
  "version": 4,
  "terraform_version": "1.0.0",
  "serial": 87,
  "lineage": "ea5851fb-c27f-39a7-1ea8-733002097b30",
  "outputs": {
    "oktagroup_op": {
      "value": {
        "description": "created via terraform module",
        "id": "00g19viwtpBkIJHJY5d7",
        "name": "test-grp-tf-module",
        "users": null
      },
      "type": [
        "object",
        {
          "description": "string",
          "id": "string",
          "name": "string",
          "users": [
            "set",
            "string"
          ]
        }
      ]
    },
    "oktapolicy_op": {
      "value": {
        "auth_server_id": "aus14lan6jKKk7fss5d7",
        "client_whitelist": [
          "ALL_CLIENTS"
        ],
        "description": "Policy-1 created via terraform module",
        "id": "00p19vjm2uyKo6KzV5d7",
        "name": "Policy-1",
        "priority": 1,
        "status": "ACTIVE",
        "type": null
      },
      "type": [
        "object",
        {
          "auth_server_id": "string",
          "client_whitelist": [
            "set",
            "string"
          ],
          "description": "string",
          "id": "string",
          "name": "string",
          "priority": "number",
          "status": "string",
          "type": "string"
        }
      ]
    },
    "oktapolicyrule_op": {
      "value": {
        "access_token_lifetime_minutes": 6,
        "auth_server_id": "aus14lan6jKKk7fss5d7",
        "grant_type_whitelist": [
          "authorization_code",
          "password"
        ],
        "group_blacklist": [],
        "group_whitelist": [
          "00g19viwtpBkIJHJY5d7"
        ],
        "id": "0pr19vgeylb5IxoCx5d7",
        "inline_hook_id": null,
        "name": "RULE-1",
        "policy_id": "00p19vjm2uyKo6KzV5d7",
        "priority": 1,
        "refresh_token_lifetime_minutes": 6,
        "refresh_token_window_minutes": 6,
        "scope_whitelist": [
          "test-scp-tf-module"
        ],
        "status": "ACTIVE",
        "type": "RESOURCE_ACCESS",
        "user_blacklist": [],
        "user_whitelist": []
      },
      "type": [
        "object",
        {
          "access_token_lifetime_minutes": "number",
          "auth_server_id": "string",
          "grant_type_whitelist": [
            "set",
            "string"
          ],
          "group_blacklist": [
            "set",
            "string"
          ],
          "group_whitelist": [
            "set",
            "string"
          ],
          "id": "string",
          "inline_hook_id": "string",
          "name": "string",
          "policy_id": "string",
          "priority": "number",
          "refresh_token_lifetime_minutes": "number",
          "refresh_token_window_minutes": "number",
          "scope_whitelist": [
            "set",
            "string"
          ],
          "status": "string",
          "type": "string",
          "user_blacklist": [
            "set",
            "string"
          ],
          "user_whitelist": [
            "set",
            "string"
          ]
        }
      ]
    },
    "oktasamlapp_op": {
      "value": {
        "accessibility_error_redirect_url": "",
        "accessibility_login_redirect_url": null,
        "accessibility_self_service": false,
        "acs_endpoints": [],
        "app_settings_json": "{}",
        "assertion_signed": false,
        "attribute_statements": [],
        "audience": "app-audience",
        "authn_context_class_ref": "urn:oasis:names:tc:SAML:2.0:ac:classes:PasswordProtectedTransport",
        "auto_submit_toolbar": false,
        "certificate": "MIIDqDCCApCgAwIBAgIGAXgBFKB/MA0GCSqGSIb3DQEBCwUAMIGUMQswCQYDVQQGEwJVUzETMBEG\nA1UECAwKQ2FsaWZvcm5pYTEWMBQGA1UEBwwNU2FuIEZyYW5jaXNjbzENMAsGA1UECgwET2t0YTEU\nMBIGA1UECwwLU1NPUHJvdmlkZXIxFTATBgNVBAMMDGRldi0yMzY0OTA1ODEcMBoGCSqGSIb3DQEJ\nARYNaW5mb0Bva3RhLmNvbTAeFw0yMTAzMDUwNjI5MzJaFw0zMTAzMDUwNjMwMzJaMIGUMQswCQYD\nVQQGEwJVUzETMBEGA1UECAwKQ2FsaWZvcm5pYTEWMBQGA1UEBwwNU2FuIEZyYW5jaXNjbzENMAsG\nA1UECgwET2t0YTEUMBIGA1UECwwLU1NPUHJvdmlkZXIxFTATBgNVBAMMDGRldi0yMzY0OTA1ODEc\nMBoGCSqGSIb3DQEJARYNaW5mb0Bva3RhLmNvbTCCASIwDQYJKoZIhvcNAQEBBQADggEPADCCAQoC\nggEBALIcjldAcDxpCcDuRyeqKdurGj7nUjlYIqTnByRyUtwUZy6ZJ1UaSz3IeeUQxd2QeKmJxusL\nZVK53tv/ucz1sHYyKqHfOUJBzwAmE6xcli/jRmwk4hoTDC9clxX8s7jKOYnzbIH02NxlbEhEiu2G\nEQ1j7tKyKeHApiM92ZZvns2Enb5wWY8wlPCD1FJ517fNcu676PcOQjjZ2pINwofhAJPJXoQFnZBE\nOFBN5qGosWfOnEzb+dx9BiLrNF/EskPjI4ZxgCtkBEVakhb+rNPThmwRRPGMQJqB+k92Gt/TAvHT\nq53RwH36AqsmyXDplYJkTOvFiTr9vCL77ZkR/97DpfMCAwEAATANBgkqhkiG9w0BAQsFAAOCAQEA\nQ1xbsG1h3nY7icJAMX8juw4t9u8ZE5dNEi+JOoAKXcndy/GRRSMl4UBhVjPla3jmNm2StfKzW8mL\nsUwBB/yPUeqr7NInUBdBr8SsR2ELRzjCHti1Sfzcdbrdo7vvqlOrCUD+Z6TPgd5NR0ychAWtLJrP\nt7ad2w8BWM++semSjmfHS1L3JSDvOTXkfknDNSnDkHhstrjhKWuIcPzWjHebj8z6ZgeNhBhUhn57\ngD+QSArar7sEt8uxd5AAwDDCgO82fvy6TijSvrbvMjo1W53GYZW0tG3Y4k6nmIiGreVveU4Jm8Kj\nX3QNz2Z4hg34BgZpzHNg3bVSw4ZNW2TQEQtvUg==",
        "default_relay_state": "",
        "destination": "http://localhost:8080",
        "digest_algorithm": "SHA256",
        "entity_key": "exk19ws12khZnC8cT5d7",
        "entity_url": "http://www.okta.com/exk19ws12khZnC8cT5d7",
        "features": [],
        "groups": null,
        "hide_ios": false,
        "hide_web": false,
        "honor_force_authn": true,
        "http_post_binding": "https://dev-23649058.okta.com/app/dev-23649058_terraformsamlapp_1/exk19ws12khZnC8cT5d7/sso/saml",
        "http_redirect_binding": "https://dev-23649058.okta.com/app/dev-23649058_terraformsamlapp_1/exk19ws12khZnC8cT5d7/sso/saml",
        "id": "0oa19ws12l7nfy6L85d7",
        "idp_issuer": "http://www.okta.com/${org.externalKey}",
        "key_id": "Vuu1adj-K-fzX9bd3wDB5oENmuTDc4qH6dJpO45C4S4",
        "key_name": null,
        "key_years_valid": null,
        "label": "terraform-saml-app",
        "metadata": "\u003c?xml version=\"1.0\" encoding=\"UTF-8\"?\u003e\u003cmd:EntityDescriptor entityID=\"http://www.okta.com/exk19ws12khZnC8cT5d7\" xmlns:md=\"urn:oasis:names:tc:SAML:2.0:metadata\"\u003e\u003cmd:IDPSSODescriptor WantAuthnRequestsSigned=\"false\" protocolSupportEnumeration=\"urn:oasis:names:tc:SAML:2.0:protocol\"\u003e\u003cmd:KeyDescriptor use=\"signing\"\u003e\u003cds:KeyInfo xmlns:ds=\"http://www.w3.org/2000/09/xmldsig#\"\u003e\u003cds:X509Data\u003e\u003cds:X509Certificate\u003eMIIDqDCCApCgAwIBAgIGAXgBFKB/MA0GCSqGSIb3DQEBCwUAMIGUMQswCQYDVQQGEwJVUzETMBEG\nA1UECAwKQ2FsaWZvcm5pYTEWMBQGA1UEBwwNU2FuIEZyYW5jaXNjbzENMAsGA1UECgwET2t0YTEU\nMBIGA1UECwwLU1NPUHJvdmlkZXIxFTATBgNVBAMMDGRldi0yMzY0OTA1ODEcMBoGCSqGSIb3DQEJ\nARYNaW5mb0Bva3RhLmNvbTAeFw0yMTAzMDUwNjI5MzJaFw0zMTAzMDUwNjMwMzJaMIGUMQswCQYD\nVQQGEwJVUzETMBEGA1UECAwKQ2FsaWZvcm5pYTEWMBQGA1UEBwwNU2FuIEZyYW5jaXNjbzENMAsG\nA1UECgwET2t0YTEUMBIGA1UECwwLU1NPUHJvdmlkZXIxFTATBgNVBAMMDGRldi0yMzY0OTA1ODEc\nMBoGCSqGSIb3DQEJARYNaW5mb0Bva3RhLmNvbTCCASIwDQYJKoZIhvcNAQEBBQADggEPADCCAQoC\nggEBALIcjldAcDxpCcDuRyeqKdurGj7nUjlYIqTnByRyUtwUZy6ZJ1UaSz3IeeUQxd2QeKmJxusL\nZVK53tv/ucz1sHYyKqHfOUJBzwAmE6xcli/jRmwk4hoTDC9clxX8s7jKOYnzbIH02NxlbEhEiu2G\nEQ1j7tKyKeHApiM92ZZvns2Enb5wWY8wlPCD1FJ517fNcu676PcOQjjZ2pINwofhAJPJXoQFnZBE\nOFBN5qGosWfOnEzb+dx9BiLrNF/EskPjI4ZxgCtkBEVakhb+rNPThmwRRPGMQJqB+k92Gt/TAvHT\nq53RwH36AqsmyXDplYJkTOvFiTr9vCL77ZkR/97DpfMCAwEAATANBgkqhkiG9w0BAQsFAAOCAQEA\nQ1xbsG1h3nY7icJAMX8juw4t9u8ZE5dNEi+JOoAKXcndy/GRRSMl4UBhVjPla3jmNm2StfKzW8mL\nsUwBB/yPUeqr7NInUBdBr8SsR2ELRzjCHti1Sfzcdbrdo7vvqlOrCUD+Z6TPgd5NR0ychAWtLJrP\nt7ad2w8BWM++semSjmfHS1L3JSDvOTXkfknDNSnDkHhstrjhKWuIcPzWjHebj8z6ZgeNhBhUhn57\ngD+QSArar7sEt8uxd5AAwDDCgO82fvy6TijSvrbvMjo1W53GYZW0tG3Y4k6nmIiGreVveU4Jm8Kj\nX3QNz2Z4hg34BgZpzHNg3bVSw4ZNW2TQEQtvUg==\u003c/ds:X509Certificate\u003e\u003c/ds:X509Data\u003e\u003c/ds:KeyInfo\u003e\u003c/md:KeyDescriptor\u003e\u003cmd:NameIDFormat\u003eurn:oasis:names:tc:SAML:1.1:nameid-format:emailAddress\u003c/md:NameIDFormat\u003e\u003cmd:SingleSignOnService Binding=\"urn:oasis:names:tc:SAML:2.0:bindings:HTTP-POST\" Location=\"https://dev-23649058.okta.com/app/dev-23649058_terraformsamlapp_1/exk19ws12khZnC8cT5d7/sso/saml\"/\u003e\u003cmd:SingleSignOnService Binding=\"urn:oasis:names:tc:SAML:2.0:bindings:HTTP-Redirect\" Location=\"https://dev-23649058.okta.com/app/dev-23649058_terraformsamlapp_1/exk19ws12khZnC8cT5d7/sso/saml\"/\u003e\u003c/md:IDPSSODescriptor\u003e\u003c/md:EntityDescriptor\u003e",
        "metadata_url": "https://dev-23649058.okta.com/api/v1/apps/0oa19ws12l7nfy6L85d7/sso/saml/metadata?kid=Vuu1adj-K-fzX9bd3wDB5oENmuTDc4qH6dJpO45C4S4",
        "name": "dev-23649058_terraformsamlapp_1",
        "preconfigured_app": "dev-23649058_terraformsamlapp_1",
        "recipient": "http://localhost:8080",
        "request_compressed": null,
        "response_signed": true,
        "sign_on_mode": "SAML_2_0",
        "signature_algorithm": "RSA_SHA256",
        "single_logout_certificate": null,
        "single_logout_issuer": null,
        "single_logout_url": null,
        "sp_issuer": null,
        "sso_url": "http://localhost:8080",
        "status": "ACTIVE",
        "subject_name_id_format": "urn:oasis:names:tc:SAML:1.1:nameid-format:emailAddress",
        "subject_name_id_template": "${user.userName}",
        "user_name_template": "${source.login}",
        "user_name_template_suffix": "",
        "user_name_template_type": "BUILT_IN",
        "users": []
      },
      "type": [
        "object",
        {
          "accessibility_error_redirect_url": "string",
          "accessibility_login_redirect_url": "string",
          "accessibility_self_service": "bool",
          "acs_endpoints": [
            "set",
            "string"
          ],
          "app_settings_json": "string",
          "assertion_signed": "bool",
          "attribute_statements": [
            "list",
            [
              "object",
              {
                "filter_type": "string",
                "filter_value": "string",
                "name": "string",
                "namespace": "string",
                "type": "string",
                "values": [
                  "list",
                  "string"
                ]
              }
            ]
          ],
          "audience": "string",
          "authn_context_class_ref": "string",
          "auto_submit_toolbar": "bool",
          "certificate": "string",
          "default_relay_state": "string",
          "destination": "string",
          "digest_algorithm": "string",
          "entity_key": "string",
          "entity_url": "string",
          "features": [
            "set",
            "string"
          ],
          "groups": [
            "set",
            "string"
          ],
          "hide_ios": "bool",
          "hide_web": "bool",
          "honor_force_authn": "bool",
          "http_post_binding": "string",
          "http_redirect_binding": "string",
          "id": "string",
          "idp_issuer": "string",
          "key_id": "string",
          "key_name": "string",
          "key_years_valid": "number",
          "label": "string",
          "metadata": "string",
          "metadata_url": "string",
          "name": "string",
          "preconfigured_app": "string",
          "recipient": "string",
          "request_compressed": "bool",
          "response_signed": "bool",
          "sign_on_mode": "string",
          "signature_algorithm": "string",
          "single_logout_certificate": "string",
          "single_logout_issuer": "string",
          "single_logout_url": "string",
          "sp_issuer": "string",
          "sso_url": "string",
          "status": "string",
          "subject_name_id_format": "string",
          "subject_name_id_template": "string",
          "user_name_template": "string",
          "user_name_template_suffix": "string",
          "user_name_template_type": "string",
          "users": [
            "set",
            [
              "object",
              {
                "id": "string",
                "password": "string",
                "scope": "string",
                "username": "string"
              }
            ]
          ]
        }
      ]
    },
    "oktascope_op": {
      "value": {
        "auth_server_id": "aus14lan6jKKk7fss5d7",
        "consent": "IMPLICIT",
        "default": false,
        "description": "created via terraform module",
        "id": "scp19vn41hZkgEMG25d7",
        "metadata_publish": "ALL_CLIENTS",
        "name": "test-scp-tf-module"
      },
      "type": [
        "object",
        {
          "auth_server_id": "string",
          "consent": "string",
          "default": "bool",
          "description": "string",
          "id": "string",
          "metadata_publish": "string",
          "name": "string"
        }
      ]
    }
  },
  "resources": [
    {
      "module": "module.oktagroup",
      "mode": "managed",
      "type": "okta_group",
      "name": "okta_grp",
      "provider": "provider[\"registry.terraform.io/okta/okta\"]",
      "instances": [
        {
          "schema_version": 0,
          "attributes": {
            "description": "created via terraform module",
            "id": "00g19viwtpBkIJHJY5d7",
            "name": "test-grp-tf-module",
            "users": null
          },
          "sensitive_attributes": [],
          "private": "bnVsbA=="
        }
      ]
    },
    {
      "module": "module.oktapolicy",
      "mode": "data",
      "type": "okta_auth_server",
      "name": "okta-auth-server",
      "provider": "provider[\"registry.terraform.io/okta/okta\"]",
      "instances": [
        {
          "schema_version": 0,
          "attributes": {
            "audiences": [
              "Akash-Auth-Server"
            ],
            "credentials_last_rotated": "2021-07-01 18:31:21 +0000 UTC",
            "credentials_next_rotation": "2021-09-29 18:31:21 +0000 UTC",
            "credentials_rotation_mode": "AUTO",
            "description": "Akash-Auth-Server",
            "id": "aus14lan6jKKk7fss5d7",
            "issuer": "https://dev-23649058.okta.com/oauth2/aus14lan6jKKk7fss5d7",
            "issuer_mode": "ORG_URL",
            "kid": "IN92iNcc45Yvlv9M88VhVW9BUy5QCVjiD5M07pnHc0k",
            "name": "Akash-Auth-Server",
            "status": "ACTIVE"
          },
          "sensitive_attributes": []
        }
      ]
    },
    {
      "module": "module.oktapolicy",
      "mode": "managed",
      "type": "okta_auth_server_policy",
      "name": "auth-server-policy",
      "provider": "provider[\"registry.terraform.io/okta/okta\"]",
      "instances": [
        {
          "schema_version": 0,
          "attributes": {
            "auth_server_id": "aus14lan6jKKk7fss5d7",
            "client_whitelist": [
              "ALL_CLIENTS"
            ],
            "description": "Policy-1 created via terraform module",
            "id": "00p19vjm2uyKo6KzV5d7",
            "name": "Policy-1",
            "priority": 1,
            "status": "ACTIVE",
            "type": null
          },
          "sensitive_attributes": [],
          "private": "bnVsbA==",
          "dependencies": [
            "module.oktapolicy.data.okta_auth_server.okta-auth-server"
          ]
        }
      ]
    },
    {
      "module": "module.oktapolicyrule",
      "mode": "data",
      "type": "okta_auth_server",
      "name": "okta-auth-server",
      "provider": "provider[\"registry.terraform.io/okta/okta\"]",
      "instances": [
        {
          "schema_version": 0,
          "attributes": {
            "audiences": [
              "Akash-Auth-Server"
            ],
            "credentials_last_rotated": "2021-07-01 18:31:21 +0000 UTC",
            "credentials_next_rotation": "2021-09-29 18:31:21 +0000 UTC",
            "credentials_rotation_mode": "AUTO",
            "description": "Akash-Auth-Server",
            "id": "aus14lan6jKKk7fss5d7",
            "issuer": "https://dev-23649058.okta.com/oauth2/aus14lan6jKKk7fss5d7",
            "issuer_mode": "ORG_URL",
            "kid": "IN92iNcc45Yvlv9M88VhVW9BUy5QCVjiD5M07pnHc0k",
            "name": "Akash-Auth-Server",
            "status": "ACTIVE"
          },
          "sensitive_attributes": []
        }
      ]
    },
    {
      "module": "module.oktapolicyrule",
      "mode": "data",
      "type": "okta_auth_server_policy",
      "name": "okta-auth-server-policy",
      "provider": "provider[\"registry.terraform.io/okta/okta\"]",
      "instances": [
        {
          "schema_version": 0,
          "attributes": {
            "assigned_clients": [
              "ALL_CLIENTS"
            ],
            "auth_server_id": "aus14lan6jKKk7fss5d7",
            "description": "Policy-1 created via terraform module",
            "id": "00p19vjm2uyKo6KzV5d7",
            "name": "Policy-1"
          },
          "sensitive_attributes": []
        }
      ]
    },
    {
      "module": "module.oktapolicyrule",
      "mode": "managed",
      "type": "okta_auth_server_policy_rule",
      "name": "auth_server_policy_rule",
      "provider": "provider[\"registry.terraform.io/okta/okta\"]",
      "instances": [
        {
          "schema_version": 0,
          "attributes": {
            "access_token_lifetime_minutes": 6,
            "auth_server_id": "aus14lan6jKKk7fss5d7",
            "grant_type_whitelist": [
              "authorization_code",
              "password"
            ],
            "group_blacklist": [],
            "group_whitelist": [
              "00g19viwtpBkIJHJY5d7"
            ],
            "id": "0pr19vgeylb5IxoCx5d7",
            "inline_hook_id": null,
            "name": "RULE-1",
            "policy_id": "00p19vjm2uyKo6KzV5d7",
            "priority": 1,
            "refresh_token_lifetime_minutes": 6,
            "refresh_token_window_minutes": 6,
            "scope_whitelist": [
              "test-scp-tf-module"
            ],
            "status": "ACTIVE",
            "type": "RESOURCE_ACCESS",
            "user_blacklist": [],
            "user_whitelist": []
          },
          "sensitive_attributes": [],
          "private": "bnVsbA==",
          "dependencies": [
            "module.oktagroup.okta_group.okta_grp",
            "module.oktapolicy.data.okta_auth_server.okta-auth-server",
            "module.oktapolicy.okta_auth_server_policy.auth-server-policy",
            "module.oktapolicyrule.data.okta_auth_server.okta-auth-server",
            "module.oktapolicyrule.data.okta_auth_server_policy.okta-auth-server-policy",
            "module.oktascope.data.okta_auth_server.okta-auth-server",
            "module.oktascope.okta_auth_server_scope.okta-auth-server-scope"
          ]
        }
      ]
    },
    {
      "module": "module.oktasamlapp",
      "mode": "managed",
      "type": "okta_app_saml",
      "name": "saml-app",
      "provider": "provider[\"registry.terraform.io/okta/okta\"]",
      "instances": [
        {
          "schema_version": 0,
          "attributes": {
            "accessibility_error_redirect_url": "",
            "accessibility_login_redirect_url": null,
            "accessibility_self_service": false,
            "acs_endpoints": [],
            "app_settings_json": "{}",
            "assertion_signed": false,
            "attribute_statements": [],
            "audience": "app-audience",
            "authn_context_class_ref": "urn:oasis:names:tc:SAML:2.0:ac:classes:PasswordProtectedTransport",
            "auto_submit_toolbar": false,
            "certificate": "MIIDqDCCApCgAwIBAgIGAXgBFKB/MA0GCSqGSIb3DQEBCwUAMIGUMQswCQYDVQQGEwJVUzETMBEG\nA1UECAwKQ2FsaWZvcm5pYTEWMBQGA1UEBwwNU2FuIEZyYW5jaXNjbzENMAsGA1UECgwET2t0YTEU\nMBIGA1UECwwLU1NPUHJvdmlkZXIxFTATBgNVBAMMDGRldi0yMzY0OTA1ODEcMBoGCSqGSIb3DQEJ\nARYNaW5mb0Bva3RhLmNvbTAeFw0yMTAzMDUwNjI5MzJaFw0zMTAzMDUwNjMwMzJaMIGUMQswCQYD\nVQQGEwJVUzETMBEGA1UECAwKQ2FsaWZvcm5pYTEWMBQGA1UEBwwNU2FuIEZyYW5jaXNjbzENMAsG\nA1UECgwET2t0YTEUMBIGA1UECwwLU1NPUHJvdmlkZXIxFTATBgNVBAMMDGRldi0yMzY0OTA1ODEc\nMBoGCSqGSIb3DQEJARYNaW5mb0Bva3RhLmNvbTCCASIwDQYJKoZIhvcNAQEBBQADggEPADCCAQoC\nggEBALIcjldAcDxpCcDuRyeqKdurGj7nUjlYIqTnByRyUtwUZy6ZJ1UaSz3IeeUQxd2QeKmJxusL\nZVK53tv/ucz1sHYyKqHfOUJBzwAmE6xcli/jRmwk4hoTDC9clxX8s7jKOYnzbIH02NxlbEhEiu2G\nEQ1j7tKyKeHApiM92ZZvns2Enb5wWY8wlPCD1FJ517fNcu676PcOQjjZ2pINwofhAJPJXoQFnZBE\nOFBN5qGosWfOnEzb+dx9BiLrNF/EskPjI4ZxgCtkBEVakhb+rNPThmwRRPGMQJqB+k92Gt/TAvHT\nq53RwH36AqsmyXDplYJkTOvFiTr9vCL77ZkR/97DpfMCAwEAATANBgkqhkiG9w0BAQsFAAOCAQEA\nQ1xbsG1h3nY7icJAMX8juw4t9u8ZE5dNEi+JOoAKXcndy/GRRSMl4UBhVjPla3jmNm2StfKzW8mL\nsUwBB/yPUeqr7NInUBdBr8SsR2ELRzjCHti1Sfzcdbrdo7vvqlOrCUD+Z6TPgd5NR0ychAWtLJrP\nt7ad2w8BWM++semSjmfHS1L3JSDvOTXkfknDNSnDkHhstrjhKWuIcPzWjHebj8z6ZgeNhBhUhn57\ngD+QSArar7sEt8uxd5AAwDDCgO82fvy6TijSvrbvMjo1W53GYZW0tG3Y4k6nmIiGreVveU4Jm8Kj\nX3QNz2Z4hg34BgZpzHNg3bVSw4ZNW2TQEQtvUg==",
            "default_relay_state": "",
            "destination": "http://localhost:8080",
            "digest_algorithm": "SHA256",
            "entity_key": "exk19ws12khZnC8cT5d7",
            "entity_url": "http://www.okta.com/exk19ws12khZnC8cT5d7",
            "features": [],
            "groups": null,
            "hide_ios": false,
            "hide_web": false,
            "honor_force_authn": true,
            "http_post_binding": "https://dev-23649058.okta.com/app/dev-23649058_terraformsamlapp_1/exk19ws12khZnC8cT5d7/sso/saml",
            "http_redirect_binding": "https://dev-23649058.okta.com/app/dev-23649058_terraformsamlapp_1/exk19ws12khZnC8cT5d7/sso/saml",
            "id": "0oa19ws12l7nfy6L85d7",
            "idp_issuer": "http://www.okta.com/${org.externalKey}",
            "key_id": "Vuu1adj-K-fzX9bd3wDB5oENmuTDc4qH6dJpO45C4S4",
            "key_name": null,
            "key_years_valid": null,
            "label": "terraform-saml-app",
            "metadata": "\u003c?xml version=\"1.0\" encoding=\"UTF-8\"?\u003e\u003cmd:EntityDescriptor entityID=\"http://www.okta.com/exk19ws12khZnC8cT5d7\" xmlns:md=\"urn:oasis:names:tc:SAML:2.0:metadata\"\u003e\u003cmd:IDPSSODescriptor WantAuthnRequestsSigned=\"false\" protocolSupportEnumeration=\"urn:oasis:names:tc:SAML:2.0:protocol\"\u003e\u003cmd:KeyDescriptor use=\"signing\"\u003e\u003cds:KeyInfo xmlns:ds=\"http://www.w3.org/2000/09/xmldsig#\"\u003e\u003cds:X509Data\u003e\u003cds:X509Certificate\u003eMIIDqDCCApCgAwIBAgIGAXgBFKB/MA0GCSqGSIb3DQEBCwUAMIGUMQswCQYDVQQGEwJVUzETMBEG\nA1UECAwKQ2FsaWZvcm5pYTEWMBQGA1UEBwwNU2FuIEZyYW5jaXNjbzENMAsGA1UECgwET2t0YTEU\nMBIGA1UECwwLU1NPUHJvdmlkZXIxFTATBgNVBAMMDGRldi0yMzY0OTA1ODEcMBoGCSqGSIb3DQEJ\nARYNaW5mb0Bva3RhLmNvbTAeFw0yMTAzMDUwNjI5MzJaFw0zMTAzMDUwNjMwMzJaMIGUMQswCQYD\nVQQGEwJVUzETMBEGA1UECAwKQ2FsaWZvcm5pYTEWMBQGA1UEBwwNU2FuIEZyYW5jaXNjbzENMAsG\nA1UECgwET2t0YTEUMBIGA1UECwwLU1NPUHJvdmlkZXIxFTATBgNVBAMMDGRldi0yMzY0OTA1ODEc\nMBoGCSqGSIb3DQEJARYNaW5mb0Bva3RhLmNvbTCCASIwDQYJKoZIhvcNAQEBBQADggEPADCCAQoC\nggEBALIcjldAcDxpCcDuRyeqKdurGj7nUjlYIqTnByRyUtwUZy6ZJ1UaSz3IeeUQxd2QeKmJxusL\nZVK53tv/ucz1sHYyKqHfOUJBzwAmE6xcli/jRmwk4hoTDC9clxX8s7jKOYnzbIH02NxlbEhEiu2G\nEQ1j7tKyKeHApiM92ZZvns2Enb5wWY8wlPCD1FJ517fNcu676PcOQjjZ2pINwofhAJPJXoQFnZBE\nOFBN5qGosWfOnEzb+dx9BiLrNF/EskPjI4ZxgCtkBEVakhb+rNPThmwRRPGMQJqB+k92Gt/TAvHT\nq53RwH36AqsmyXDplYJkTOvFiTr9vCL77ZkR/97DpfMCAwEAATANBgkqhkiG9w0BAQsFAAOCAQEA\nQ1xbsG1h3nY7icJAMX8juw4t9u8ZE5dNEi+JOoAKXcndy/GRRSMl4UBhVjPla3jmNm2StfKzW8mL\nsUwBB/yPUeqr7NInUBdBr8SsR2ELRzjCHti1Sfzcdbrdo7vvqlOrCUD+Z6TPgd5NR0ychAWtLJrP\nt7ad2w8BWM++semSjmfHS1L3JSDvOTXkfknDNSnDkHhstrjhKWuIcPzWjHebj8z6ZgeNhBhUhn57\ngD+QSArar7sEt8uxd5AAwDDCgO82fvy6TijSvrbvMjo1W53GYZW0tG3Y4k6nmIiGreVveU4Jm8Kj\nX3QNz2Z4hg34BgZpzHNg3bVSw4ZNW2TQEQtvUg==\u003c/ds:X509Certificate\u003e\u003c/ds:X509Data\u003e\u003c/ds:KeyInfo\u003e\u003c/md:KeyDescriptor\u003e\u003cmd:NameIDFormat\u003eurn:oasis:names:tc:SAML:1.1:nameid-format:emailAddress\u003c/md:NameIDFormat\u003e\u003cmd:SingleSignOnService Binding=\"urn:oasis:names:tc:SAML:2.0:bindings:HTTP-POST\" Location=\"https://dev-23649058.okta.com/app/dev-23649058_terraformsamlapp_1/exk19ws12khZnC8cT5d7/sso/saml\"/\u003e\u003cmd:SingleSignOnService Binding=\"urn:oasis:names:tc:SAML:2.0:bindings:HTTP-Redirect\" Location=\"https://dev-23649058.okta.com/app/dev-23649058_terraformsamlapp_1/exk19ws12khZnC8cT5d7/sso/saml\"/\u003e\u003c/md:IDPSSODescriptor\u003e\u003c/md:EntityDescriptor\u003e",
            "metadata_url": "https://dev-23649058.okta.com/api/v1/apps/0oa19ws12l7nfy6L85d7/sso/saml/metadata?kid=Vuu1adj-K-fzX9bd3wDB5oENmuTDc4qH6dJpO45C4S4",
            "name": "dev-23649058_terraformsamlapp_1",
            "preconfigured_app": "dev-23649058_terraformsamlapp_1",
            "recipient": "http://localhost:8080",
            "request_compressed": null,
            "response_signed": true,
            "sign_on_mode": "SAML_2_0",
            "signature_algorithm": "RSA_SHA256",
            "single_logout_certificate": null,
            "single_logout_issuer": null,
            "single_logout_url": null,
            "sp_issuer": null,
            "sso_url": "http://localhost:8080",
            "status": "ACTIVE",
            "subject_name_id_format": "urn:oasis:names:tc:SAML:1.1:nameid-format:emailAddress",
            "subject_name_id_template": "${user.userName}",
            "user_name_template": "${source.login}",
            "user_name_template_suffix": "",
            "user_name_template_type": "BUILT_IN",
            "users": []
          },
          "sensitive_attributes": [],
          "private": "bnVsbA=="
        }
      ]
    },
    {
      "module": "module.oktascope",
      "mode": "data",
      "type": "okta_auth_server",
      "name": "okta-auth-server",
      "provider": "provider[\"registry.terraform.io/okta/okta\"]",
      "instances": [
        {
          "schema_version": 0,
          "attributes": {
            "audiences": [
              "Akash-Auth-Server"
            ],
            "credentials_last_rotated": "2021-07-01 18:31:21 +0000 UTC",
            "credentials_next_rotation": "2021-09-29 18:31:21 +0000 UTC",
            "credentials_rotation_mode": "AUTO",
            "description": "Akash-Auth-Server",
            "id": "aus14lan6jKKk7fss5d7",
            "issuer": "https://dev-23649058.okta.com/oauth2/aus14lan6jKKk7fss5d7",
            "issuer_mode": "ORG_URL",
            "kid": "IN92iNcc45Yvlv9M88VhVW9BUy5QCVjiD5M07pnHc0k",
            "name": "Akash-Auth-Server",
            "status": "ACTIVE"
          },
          "sensitive_attributes": []
        }
      ]
    },
    {
      "module": "module.oktascope",
      "mode": "managed",
      "type": "okta_auth_server_scope",
      "name": "okta-auth-server-scope",
      "provider": "provider[\"registry.terraform.io/okta/okta\"]",
      "instances": [
        {
          "schema_version": 0,
          "attributes": {
            "auth_server_id": "aus14lan6jKKk7fss5d7",
            "consent": "IMPLICIT",
            "default": false,
            "description": "created via terraform module",
            "id": "scp19vn41hZkgEMG25d7",
            "metadata_publish": "ALL_CLIENTS",
            "name": "test-scp-tf-module"
          },
          "sensitive_attributes": [],
          "private": "bnVsbA==",
          "dependencies": [
            "module.oktascope.data.okta_auth_server.okta-auth-server"
          ]
        }
      ]
    }
  ]
}
